
Microsoft Visual Studio Solution File, Format Version 12.00
# Visual Studio 15
VisualStudioVersion = 15.0.27130.2036
MinimumVisualStudioVersion = 10.0.40219.1
Project("{2150E333-8FDC-42A3-9474-1A3956D46DE8}") = "RecipeWebSites", "RecipeWebSites", "{B9D1D25B-890E-4F7C-A0D4-83CB09E9F63B}"
EndProject
Project("{FAE04EC0-301F-11D3-BF4B-00C04F79EFBC}") = "MealRecipes", "MealRecipes\MealRecipes.csproj", "{EB67083B-BB16-4B02-9731-5DB007B15D58}"
	ProjectSection(ProjectDependencies) = postProject
		{F879F911-C266-4CE0-B92D-F38EBD25706D} = {F879F911-C266-4CE0-B92D-F38EBD25706D}
		{9A05E93D-293A-4623-849B-A2836DA17E68} = {9A05E93D-293A-4623-849B-A2836DA17E68}
		{1DB894C9-0722-456F-8412-E2187D925713} = {1DB894C9-0722-456F-8412-E2187D925713}
		{F9B989EB-DAAC-40DD-A61B-27663A9AECCA} = {F9B989EB-DAAC-40DD-A61B-27663A9AECCA}
		{531E57FF-65EC-4578-83F0-F0C934668469} = {531E57FF-65EC-4578-83F0-F0C934668469}
	EndProjectSection
EndProject
Project("{FAE04EC0-301F-11D3-BF4B-00C04F79EFBC}") = "Cookpad", "RecipeWebSites\Cookpad\Cookpad.csproj", "{531E57FF-65EC-4578-83F0-F0C934668469}"
EndProject
Project("{FAE04EC0-301F-11D3-BF4B-00C04F79EFBC}") = "MealRecipes.Composition", "MealRecipes.Composition\MealRecipes.Composition.csproj", "{A689EC0D-E49B-474A-86D1-C427338899B2}"
EndProject
Project("{FAE04EC0-301F-11D3-BF4B-00C04F79EFBC}") = "MealRecipes.Extensions", "MealRecipes.Extensions\MealRecipes.Extensions.csproj", "{477BF64E-4132-4643-8ADF-DC39B3E39C27}"
EndProject
Project("{9A19103F-16F7-4668-BE54-9A1E7A4F7556}") = "MealRecipes.DataBase", "MealRecipes.DataBase\MealRecipes.DataBase.csproj", "{6C860E2C-90FE-4BAF-B303-E187E101EAFE}"
EndProject
Project("{2150E333-8FDC-42A3-9474-1A3956D46DE8}") = "Controls", "Controls", "{619E9F52-C1B0-44E4-9D2C-4E2BAD09DFE4}"
EndProject
Project("{FAE04EC0-301F-11D3-BF4B-00C04F79EFBC}") = "MealRecipes.CustomControls", "MealRecipes.CustomControls\MealRecipes.CustomControls.csproj", "{907E2BD4-2585-468C-8B01-B83C2341F5B1}"
EndProject
Project("{FAE04EC0-301F-11D3-BF4B-00C04F79EFBC}") = "Original", "RecipeWebSites\Original\Original.csproj", "{F879F911-C266-4CE0-B92D-F38EBD25706D}"
EndProject
Project("{FAE04EC0-301F-11D3-BF4B-00C04F79EFBC}") = "WeekCook", "RecipeWebSites\WeekCook\WeekCook.csproj", "{1DB894C9-0722-456F-8412-E2187D925713}"
EndProject
Project("{FAE04EC0-301F-11D3-BF4B-00C04F79EFBC}") = "Cookien", "RecipeWebSites\Cookien\Cookien.csproj", "{9A05E93D-293A-4623-849B-A2836DA17E68}"
EndProject
Project("{FAE04EC0-301F-11D3-BF4B-00C04F79EFBC}") = "Rakuten", "RecipeWebSites\Rakuten\Rakuten.csproj", "{F9B989EB-DAAC-40DD-A61B-27663A9AECCA}"
EndProject
Global
	GlobalSection(SolutionConfigurationPlatforms) = preSolution
		Debug|Any CPU = Debug|Any CPU
		Release|Any CPU = Release|Any CPU
	EndGlobalSection
	GlobalSection(ProjectConfigurationPlatforms) = postSolution
		{EB67083B-BB16-4B02-9731-5DB007B15D58}.Debug|Any CPU.ActiveCfg = Debug|Any CPU
		{EB67083B-BB16-4B02-9731-5DB007B15D58}.Debug|Any CPU.Build.0 = Debug|Any CPU
		{EB67083B-BB16-4B02-9731-5DB007B15D58}.Release|Any CPU.ActiveCfg = Release|Any CPU
		{EB67083B-BB16-4B02-9731-5DB007B15D58}.Release|Any CPU.Build.0 = Release|Any CPU
		{531E57FF-65EC-4578-83F0-F0C934668469}.Debug|Any CPU.ActiveCfg = Debug|Any CPU
		{531E57FF-65EC-4578-83F0-F0C934668469}.Debug|Any CPU.Build.0 = Debug|Any CPU
		{531E57FF-65EC-4578-83F0-F0C934668469}.Release|Any CPU.ActiveCfg = Release|Any CPU
		{531E57FF-65EC-4578-83F0-F0C934668469}.Release|Any CPU.Build.0 = Release|Any CPU
		{A689EC0D-E49B-474A-86D1-C427338899B2}.Debug|Any CPU.ActiveCfg = Debug|Any CPU
		{A689EC0D-E49B-474A-86D1-C427338899B2}.Debug|Any CPU.Build.0 = Debug|Any CPU
		{A689EC0D-E49B-474A-86D1-C427338899B2}.Release|Any CPU.ActiveCfg = Release|Any CPU
		{A689EC0D-E49B-474A-86D1-C427338899B2}.Release|Any CPU.Build.0 = Release|Any CPU
		{477BF64E-4132-4643-8ADF-DC39B3E39C27}.Debug|Any CPU.ActiveCfg = Debug|Any CPU
		{477BF64E-4132-4643-8ADF-DC39B3E39C27}.Debug|Any CPU.Build.0 = Debug|Any CPU
		{477BF64E-4132-4643-8ADF-DC39B3E39C27}.Release|Any CPU.ActiveCfg = Release|Any CPU
		{477BF64E-4132-4643-8ADF-DC39B3E39C27}.Release|Any CPU.Build.0 = Release|Any CPU
		{6C860E2C-90FE-4BAF-B303-E187E101EAFE}.Debug|Any CPU.ActiveCfg = Debug|Any CPU
		{6C860E2C-90FE-4BAF-B303-E187E101EAFE}.Debug|Any CPU.Build.0 = Debug|Any CPU
		{6C860E2C-90FE-4BAF-B303-E187E101EAFE}.Release|Any CPU.ActiveCfg = Release|Any CPU
		{6C860E2C-90FE-4BAF-B303-E187E101EAFE}.Release|Any CPU.Build.0 = Release|Any CPU
		{907E2BD4-2585-468C-8B01-B83C2341F5B1}.Debug|Any CPU.ActiveCfg = Debug|Any CPU
		{907E2BD4-2585-468C-8B01-B83C2341F5B1}.Debug|Any CPU.Build.0 = Debug|Any CPU
		{907E2BD4-2585-468C-8B01-B83C2341F5B1}.Release|Any CPU.ActiveCfg = Release|Any CPU
		{907E2BD4-2585-468C-8B01-B83C2341F5B1}.Release|Any CPU.Build.0 = Release|Any CPU
		{F879F911-C266-4CE0-B92D-F38EBD25706D}.Debug|Any CPU.ActiveCfg = Debug|Any CPU
		{F879F911-C266-4CE0-B92D-F38EBD25706D}.Debug|Any CPU.Build.0 = Debug|Any CPU
		{F879F911-C266-4CE0-B92D-F38EBD25706D}.Release|Any CPU.ActiveCfg = Release|Any CPU
		{F879F911-C266-4CE0-B92D-F38EBD25706D}.Release|Any CPU.Build.0 = Release|Any CPU
		{1DB894C9-0722-456F-8412-E2187D925713}.Debug|Any CPU.ActiveCfg = Debug|Any CPU
		{1DB894C9-0722-456F-8412-E2187D925713}.Debug|Any CPU.Build.0 = Debug|Any CPU
		{1DB894C9-0722-456F-8412-E2187D925713}.Release|Any CPU.ActiveCfg = Release|Any CPU
		{1DB894C9-0722-456F-8412-E2187D925713}.Release|Any CPU.Build.0 = Release|Any CPU
		{9A05E93D-293A-4623-849B-A2836DA17E68}.Debug|Any CPU.ActiveCfg = Debug|Any CPU
		{9A05E93D-293A-4623-849B-A2836DA17E68}.Debug|Any CPU.Build.0 = Debug|Any CPU
		{9A05E93D-293A-4623-849B-A2836DA17E68}.Release|Any CPU.ActiveCfg = Release|Any CPU
		{9A05E93D-293A-4623-849B-A2836DA17E68}.Release|Any CPU.Build.0 = Release|Any CPU
		{F9B989EB-DAAC-40DD-A61B-27663A9AECCA}.Debug|Any CPU.ActiveCfg = Debug|Any CPU
		{F9B989EB-DAAC-40DD-A61B-27663A9AECCA}.Debug|Any CPU.Build.0 = Debug|Any CPU
		{F9B989EB-DAAC-40DD-A61B-27663A9AECCA}.Release|Any CPU.ActiveCfg = Release|Any CPU
		{F9B989EB-DAAC-40DD-A61B-27663A9AECCA}.Release|Any CPU.Build.0 = Release|Any CPU
	EndGlobalSection
	GlobalSection(SolutionProperties) = preSolution
		HideSolutionNode = FALSE
	EndGlobalSection
	GlobalSection(NestedProjects) = preSolution
		{531E57FF-65EC-4578-83F0-F0C934668469} = {B9D1D25B-890E-4F7C-A0D4-83CB09E9F63B}
		{907E2BD4-2585-468C-8B01-B83C2341F5B1} = {619E9F52-C1B0-44E4-9D2C-4E2BAD09DFE4}
		{F879F911-C266-4CE0-B92D-F38EBD25706D} = {B9D1D25B-890E-4F7C-A0D4-83CB09E9F63B}
		{1DB894C9-0722-456F-8412-E2187D925713} = {B9D1D25B-890E-4F7C-A0D4-83CB09E9F63B}
		{9A05E93D-293A-4623-849B-A2836DA17E68} = {B9D1D25B-890E-4F7C-A0D4-83CB09E9F63B}
		{F9B989EB-DAAC-40DD-A61B-27663A9AECCA} = {B9D1D25B-890E-4F7C-A0D4-83CB09E9F63B}
	EndGlobalSection
	GlobalSection(ExtensibilityGlobals) = postSolution
		SolutionGuid = {528E43F1-6FC0-4E57-AA8A-EAFA33802E74}
	EndGlobalSection
EndGlobal
